
Microsoft Visual Studio Solution File, Format Version 12.00
# Visual Studio 15
VisualStudioVersion = 15.0.28307.645
MinimumVisualStudioVersion = 10.0.40219.1
Project("{FAE04EC0-301F-11D3-BF4B-00C04F79EFBC}") = "ConsoleApp2", "ConsoleApp2\ConsoleApp2.csproj", "{72DE24FA-CE84-4446-9A99-A63F250C5EA4}"
EndProject
Project("{FAE04EC0-301F-11D3-BF4B-00C04F79EFBC}") = "Api4RunKustoCommand", "Api4RunKustoCommand\Api4RunKustoCommand.csproj", "{65256F36-DD57-4931-A79A-CF8C3E1225A8}"
EndProject
Global
	GlobalSection(SolutionConfigurationPlatforms) = preSolution
		Debug|Any CPU = Debug|Any CPU
		Release|Any CPU = Release|Any CPU
	EndGlobalSection
	GlobalSection(ProjectConfigurationPlatforms) = postSolution
		{72DE24FA-CE84-4446-9A99-A63F250C5EA4}.Debug|Any CPU.ActiveCfg = Debug|Any CPU
		{72DE24FA-CE84-4446-9A99-A63F250C5EA4}.Debug|Any CPU.Build.0 = Debug|Any CPU
		{72DE24FA-CE84-4446-9A99-A63F250C5EA4}.Release|Any CPU.ActiveCfg = Release|Any CPU
		{72DE24FA-CE84-4446-9A99-A63F250C5EA4}.Release|Any CPU.Build.0 = Release|Any CPU
		{65256F36-DD57-4931-A79A-CF8C3E1225A8}.Debug|Any CPU.ActiveCfg = Debug|Any CPU
		{65256F36-DD57-4931-A79A-CF8C3E1225A8}.Debug|Any CPU.Build.0 = Debug|Any CPU
		{65256F36-DD57-4931-A79A-CF8C3E1225A8}.Release|Any CPU.ActiveCfg = Release|Any CPU
		{65256F36-DD57-4931-A79A-CF8C3E1225A8}.Release|Any CPU.Build.0 = Release|Any CPU
	EndGlobalSection
	GlobalSection(SolutionProperties) = preSolution
		HideSolutionNode = FALSE
	EndGlobalSection
	GlobalSection(ExtensibilityGlobals) = postSolution
		SolutionGuid = {35B993D9-4B7C-4858-AF72-AC4B6C233431}
	EndGlobalSection
EndGlobal
